
Microsoft Visual Studio Solution File, Format Version 12.00
# Visual Studio Version 17
VisualStudioVersion = 17.6.33723.286
MinimumVisualStudioVersion = 10.0.40219.1
Project("{9A19103F-16F7-4668-BE54-9A1E7A4F7556}") = "JewishWorldWpf", "JewishWorldWpf\JewishWorldWpf.csproj", "{C0776A54-EF0F-4489-ADA4-BF05A72823AB}"
EndProject
Project("{FAE04EC0-301F-11D3-BF4B-00C04F79EFBC}") = "JewishWorldWeb", "JewishWorldWeb\JewishWorldWeb.csproj", "{5A976E65-00A0-449E-88D7-D04054EA53B0}"
EndProject
Global
	GlobalSection(SolutionConfigurationPlatforms) = preSolution
		Debug|Any CPU = Debug|Any CPU
		Release|Any CPU = Release|Any CPU
	EndGlobalSection
	GlobalSection(ProjectConfigurationPlatforms) = postSolution
		{C0776A54-EF0F-4489-ADA4-BF05A72823AB}.Debug|Any CPU.ActiveCfg = Debug|Any CPU
		{C0776A54-EF0F-4489-ADA4-BF05A72823AB}.Debug|Any CPU.Build.0 = Debug|Any CPU
		{C0776A54-EF0F-4489-ADA4-BF05A72823AB}.Release|Any CPU.ActiveCfg = Release|Any CPU
		{C0776A54-EF0F-4489-ADA4-BF05A72823AB}.Release|Any CPU.Build.0 = Release|Any CPU
		{5A976E65-00A0-449E-88D7-D04054EA53B0}.Debug|Any CPU.ActiveCfg = Debug|Any CPU
		{5A976E65-00A0-449E-88D7-D04054EA53B0}.Debug|Any CPU.Build.0 = Debug|Any CPU
		{5A976E65-00A0-449E-88D7-D04054EA53B0}.Release|Any CPU.ActiveCfg = Release|Any CPU
		{5A976E65-00A0-449E-88D7-D04054EA53B0}.Release|Any CPU.Build.0 = Release|Any CPU
	EndGlobalSection
	GlobalSection(SolutionProperties) = preSolution
		HideSolutionNode = FALSE
	EndGlobalSection
	GlobalSection(ExtensibilityGlobals) = postSolution
		SolutionGuid = {39769F5A-76A9-4994-B824-836E84D5F679}
	EndGlobalSection
EndGlobal
